// !$*UTF8*$!
{
	archiveVersion = 1;
	classes = {
	};
	objectVersion = 50;
	objects = {

/* Begin PBXBuildFile section */
		991C519422EF90A5004F8EB7 /* AppDelegate.swift in Sources */ = {isa = PBXBuildFile; fileRef = 991C519322EF90A5004F8EB7 /* AppDelegate.swift */; };
		991C519622EF90A5004F8EB7 /* ViewController.swift in Sources */ = {isa = PBXBuildFile; fileRef = 991C519522EF90A5004F8EB7 /* ViewController.swift */; };
		991C519922EF90A5004F8EB7 /* Main.storyboard in Resources */ = {isa = PBXBuildFile; fileRef = 991C519722EF90A5004F8EB7 /* Main.storyboard */; };
		991C519B22EF90BF004F8EB7 /* Assets.xcassets in Resources */ = {isa = PBXBuildFile; fileRef = 991C519A22EF90BF004F8EB7 /* Assets.xcassets */; };
		991C519E22EF90BF004F8EB7 /* LaunchScreen.storyboard in Resources */ = {isa = PBXBuildFile; fileRef = 991C519C22EF90BF004F8EB7 /* LaunchScreen.storyboard */; };
		991C51B122EFEA7A004F8EB7 /* KeyboardViewController.swift in Sources */ = {isa = PBXBuildFile; fileRef = 991C51B022EFEA7A004F8EB7 /* KeyboardViewController.swift */; };
		991C51B522EFEA7A004F8EB7 /* KeyboardDoneButton.appex in Embed App Extensions */ = {isa = PBXBuildFile; fileRef = 991C51AE22EFEA7A004F8EB7 /* KeyboardDoneButton.appex */; settings = {ATTRIBUTES = (RemoveHeadersOnCopy, ); }; };
		991C51BB22EFEACF004F8EB7 /* UITextField+Extensions.swift in Sources */ = {isa = PBXBuildFile; fileRef = 991C51BA22EFEACF004F8EB7 /* UITextField+Extensions.swift */; };
		991C51BC22EFED41004F8EB7 /* UITextField+Extensions.swift in Sources */ = {isa = PBXBuildFile; fileRef = 991C51BA22EFEACF004F8EB7 /* UITextField+Extensions.swift */; };
/* End PBXBuildFile section */

/* Begin PBXContainerItemProxy section */
		991C51B322EFEA7A004F8EB7 /* PBXContainerItemProxy */ = {
			isa = PBXContainerItemProxy;
			containerPortal = 991C518822EF90A5004F8EB7 /* Project object */;
			proxyType = 1;
			remoteGlobalIDString = 991C51AD22EFEA7A004F8EB7;
			remoteInfo = KeyboardDoneButton;
		};
/* End PBXContainerItemProxy section */

/* Begin PBXCopyFilesBuildPhase section */
		991C51B922EFEA7A004F8EB7 /* Embed App Extensions */ = {
			isa = PBXCopyFilesBuildPhase;
			buildActionMask = 2147483647;
			dstPath = "";
			dstSubfolderSpec = 13;
			files = (
				991C51B522EFEA7A004F8EB7 /* KeyboardDoneButton.appex in Embed App Extensions */,
			);
			name = "Embed App Extensions";
			runOnlyForDeploymentPostprocessing = 0;
		};
/* End PBXCopyFilesBuildPhase section */

/* Begin PBXFileReference section */
		991C519022EF90A5004F8EB7 /* SegueProject.app */ = {isa = PBXFileReference; explicitFileType = wrapper.application; includeInIndex = 0; path = SegueProject.app; sourceTree = BUILT_PRODUCTS_DIR; };
		991C519322EF90A5004F8EB7 /* AppDelegate.swift */ = {isa = PBXFileReference; lastKnownFileType = sourcecode.swift; path = AppDelegate.swift; sourceTree = "<group>"; };
		991C519522EF90A5004F8EB7 /* ViewController.swift */ = {isa = PBXFileReference; lastKnownFileType = sourcecode.swift; path = ViewController.swift; sourceTree = "<group>"; };
		991C519822EF90A5004F8EB7 /* Base */ = {isa = PBXFileReference; lastKnownFileType = file.storyboard; name = Base; path = Base.lproj/Main.storyboard; sourceTree = "<group>"; };
		991C519A22EF90BF004F8EB7 /* Assets.xcassets */ = {isa = PBXFileReference; lastKnownFileType = folder.assetcatalog; path = Assets.xcassets; sourceTree = "<group>"; };
		991C519D22EF90BF004F8EB7 /* Base */ = {isa = PBXFileReference; lastKnownFileType = file.storyboard; name = Base; path = Base.lproj/LaunchScreen.storyboard; sourceTree = "<group>"; };
		991C519F22EF90BF004F8EB7 /* Info.plist */ = {isa = PBXFileReference; lastKnownFileType = text.plist.xml; path = Info.plist; sourceTree = "<group>"; };
		991C51AE22EFEA7A004F8EB7 /* KeyboardDoneButton.appex */ = {isa = PBXFileReference; explicitFileType = "wrapper.app-extension"; includeInIndex = 0; path = KeyboardDoneButton.appex; sourceTree = BUILT_PRODUCTS_DIR; };
		991C51B022EFEA7A004F8EB7 /* KeyboardViewController.swift */ = {isa = PBXFileReference; lastKnownFileType = sourcecode.swift; path = KeyboardViewController.swift; sourceTree = "<group>"; };
		991C51B222EFEA7A004F8EB7 /* Info.plist */ = {isa = PBXFileReference; lastKnownFileType = text.plist.xml; path = Info.plist; sourceTree = "<group>"; };
		991C51BA22EFEACF004F8EB7 /* UITextField+Extensions.swift */ = {isa = PBXFileReference; lastKnownFileType = sourcecode.swift; path = "UITextField+Extensions.swift"; sourceTree = "<group>"; };
/* End PBXFileReference section */

/* Begin PBXFrameworksBuildPhase section */
		991C518D22EF90A5004F8EB7 /* Frameworks */ = {
			isa = PBXFrameworksBuildPhase;
			buildActionMask = 2147483647;
			files = (
			);
			runOnlyForDeploymentPostprocessing = 0;
		};
		991C51AB22EFEA7A004F8EB7 /* Frameworks */ = {
			isa = PBXFrameworksBuildPhase;
			buildActionMask = 2147483647;
			files = (
			);
			runOnlyForDeploymentPostprocessing = 0;
		};
/* End PBXFrameworksBuildPhase section */

/* Begin PBXGroup section */
		991C518722EF90A5004F8EB7 = {
			isa = PBXGroup;
			children = (
				991C519222EF90A5004F8EB7 /* SegueProject */,
				991C51AF22EFEA7A004F8EB7 /* KeyboardDoneButton */,
				991C519122EF90A5004F8EB7 /* Products */,
			);
			sourceTree = "<group>";
		};
		991C519122EF90A5004F8EB7 /* Products */ = {
			isa = PBXGroup;
			children = (
				991C519022EF90A5004F8EB7 /* SegueProject.app */,
				991C51AE22EFEA7A004F8EB7 /* KeyboardDoneButton.appex */,
			);
			name = Products;
			sourceTree = "<group>";
		};
		991C519222EF90A5004F8EB7 /* SegueProject */ = {
			isa = PBXGroup;
			children = (
				991C519322EF90A5004F8EB7 /* AppDelegate.swift */,
				991C519522EF90A5004F8EB7 /* ViewController.swift */,
				991C519722EF90A5004F8EB7 /* Main.storyboard */,
				991C519A22EF90BF004F8EB7 /* Assets.xcassets */,
				991C519C22EF90BF004F8EB7 /* LaunchScreen.storyboard */,
				991C519F22EF90BF004F8EB7 /* Info.plist */,
			);
			path = SegueProject;
			sourceTree = "<group>";
		};
		991C51AF22EFEA7A004F8EB7 /* KeyboardDoneButton */ = {
			isa = PBXGroup;
			children = (
				991C51B022EFEA7A004F8EB7 /* KeyboardViewController.swift */,
				991C51B222EFEA7A004F8EB7 /* Info.plist */,
				991C51BA22EFEACF004F8EB7 /* UITextField+Extensions.swift */,
			);
			path = KeyboardDoneButton;
			sourceTree = "<group>";
		};
/* End PBXGroup section */

/* Begin PBXNativeTarget section */
		991C518F22EF90A5004F8EB7 /* SegueProject */ = {
			isa = PBXNativeTarget;
			buildConfigurationList = 991C51A222EF90BF004F8EB7 /* Build configuration list for PBXNativeTarget "SegueProject" */;
			buildPhases = (
				991C518C22EF90A5004F8EB7 /* Sources */,
				991C518D22EF90A5004F8EB7 /* Frameworks */,
				991C518E22EF90A5004F8EB7 /* Resources */,
				991C51B922EFEA7A004F8EB7 /* Embed App Extensions */,
			);
			buildRules = (
			);
			dependencies = (
				991C51B422EFEA7A004F8EB7 /* PBXTargetDependency */,
			);
			name = SegueProject;
			productName = SegueProject;
			productReference = 991C519022EF90A5004F8EB7 /* SegueProject.app */;
			productType = "com.apple.product-type.application";
		};
		991C51AD22EFEA7A004F8EB7 /* KeyboardDoneButton */ = {
			isa = PBXNativeTarget;
			buildConfigurationList = 991C51B622EFEA7A004F8EB7 /* Build configuration list for PBXNativeTarget "KeyboardDoneButton" */;
			buildPhases = (
				991C51AA22EFEA7A004F8EB7 /* Sources */,
				991C51AB22EFEA7A004F8EB7 /* Frameworks */,
				991C51AC22EFEA7A004F8EB7 /* Resources */,
			);
			buildRules = (
			);
			dependencies = (
			);
			name = KeyboardDoneButton;
			productName = KeyboardDoneButton;
			productReference = 991C51AE22EFEA7A004F8EB7 /* KeyboardDoneButton.appex */;
			productType = "com.apple.product-type.app-extension";
		};
/* End PBXNativeTarget section */

/* Begin PBXProject section */
		991C518822EF90A5004F8EB7 /* Project object */ = {
			isa = PBXProject;
			attributes = {
				LastSwiftUpdateCheck = 1020;
				LastUpgradeCheck = 1020;
				ORGANIZATIONNAME = Nuntium;
				TargetAttributes = {
					991C518F22EF90A5004F8EB7 = {
						CreatedOnToolsVersion = 10.2.1;
					};
					991C51AD22EFEA7A004F8EB7 = {
						CreatedOnToolsVersion = 10.2.1;
					};
				};
			};
			buildConfigurationList = 991C518B22EF90A5004F8EB7 /* Build configuration list for PBXProject "SegueProject" */;
			compatibilityVersion = "Xcode 9.3";
			developmentRegion = en;
			hasScannedForEncodings = 0;
			knownRegions = (
				en,
				Base,
			);
			mainGroup = 991C518722EF90A5004F8EB7;
			productRefGroup = 991C519122EF90A5004F8EB7 /* Products */;
			projectDirPath = "";
			projectRoot = "";
			targets = (
				991C518F22EF90A5004F8EB7 /* SegueProject */,
				991C51AD22EFEA7A004F8EB7 /* KeyboardDoneButton */,
			);
		};
/* End PBXProject section */

/* Begin PBXResourcesBuildPhase section */
		991C518E22EF90A5004F8EB7 /* Resources */ = {
			isa = PBXResourcesBuildPhase;
			buildActionMask = 2147483647;
			files = (
				991C519E22EF90BF004F8EB7 /* LaunchScreen.storyboard in Resources */,
				991C519B22EF90BF004F8EB7 /* Assets.xcassets in Resources */,
				991C519922EF90A5004F8EB7 /* Main.storyboard in Resources */,
			);
			runOnlyForDeploymentPostprocessing = 0;
		};
		991C51AC22EFEA7A004F8EB7 /* Resources */ = {
			isa = PBXResourcesBuildPhase;
			buildActionMask = 2147483647;
			files = (
			);
			runOnlyForDeploymentPostprocessing = 0;
		};
/* End PBXResourcesBuildPhase section */

/* Begin PBXSourcesBuildPhase section */
		991C518C22EF90A5004F8EB7 /* Sources */ = {
			isa = PBXSourcesBuildPhase;
			buildActionMask = 2147483647;
			files = (
				991C51BC22EFED41004F8EB7 /* UITextField+Extensions.swift in Sources */,
				991C519622EF90A5004F8EB7 /* ViewController.swift in Sources */,
				991C519422EF90A5004F8EB7 /* AppDelegate.swift in Sources */,
			);
			runOnlyForDeploymentPostprocessing = 0;
		};
		991C51AA22EFEA7A004F8EB7 /* Sources */ = {
			isa = PBXSourcesBuildPhase;
			buildActionMask = 2147483647;
			files = (
				991C51B122EFEA7A004F8EB7 /* KeyboardViewController.swift in Sources */,
				991C51BB22EFEACF004F8EB7 /* UITextField+Extensions.swift in Sources */,
			);
			runOnlyForDeploymentPostprocessing = 0;
		};
/* End PBXSourcesBuildPhase section */

/* Begin PBXTargetDependency section */
		991C51B422EFEA7A004F8EB7 /* PBXTargetDependency */ = {
			isa = PBXTargetDependency;
			target = 991C51AD22EFEA7A004F8EB7 /* KeyboardDoneButton */;
			targetProxy = 991C51B322EFEA7A004F8EB7 /* PBXContainerItemProxy */;
		};
/* End PBXTargetDependency section */

/* Begin PBXVariantGroup section */
		991C519722EF90A5004F8EB7 /* Main.storyboard */ = {
			isa = PBXVariantGroup;
			children = (
				991C519822EF90A5004F8EB7 /* Base */,
			);
			name = Main.storyboard;
			sourceTree = "<group>";
		};
		991C519C22EF90BF004F8EB7 /* LaunchScreen.storyboard */ = {
			isa = PBXVariantGroup;
			children = (
				991C519D22EF90BF004F8EB7 /* Base */,
			);
			name = LaunchScreen.storyboard;
			sourceTree = "<group>";
		};
/* End PBXVariantGroup section */

/* Begin XCBuildConfiguration section */
		991C51A022EF90BF004F8EB7 /* Debug */ = {
			isa = XCBuildConfiguration;
			buildSettings = {
				ALWAYS_SEARCH_USER_PATHS = NO;
				CLANG_ANALYZER_NONNULL = YES;
				CLANG_ANALYZER_NUMBER_OBJECT_CONVERSION = YES_AGGRESSIVE;
				CLANG_CXX_LANGUAGE_STANDARD = "gnu++14";
				CLANG_CXX_LIBRARY = "libc++";
				CLANG_ENABLE_MODULES = YES;
				CLANG_ENABLE_OBJC_ARC = YES;
				CLANG_ENABLE_OBJC_WEAK = YES;
				CLANG_WARN_BLOCK_CAPTURE_AUTORELEASING = YES;
				CLANG_WARN_BOOL_CONVERSION = YES;
				CLANG_WARN_COMMA = YES;
				CLANG_WARN_CONSTANT_CONVERSION = YES;
				CLANG_WARN_DEPRECATED_OBJC_IMPLEMENTATIONS = YES;
				CLANG_WARN_DIRECT_OBJC_ISA_USAGE = YES_ERROR;
				CLANG_WARN_DOCUMENTATION_COMMENTS = YES;
				CLANG_WARN_EMPTY_BODY = YES;
				CLANG_WARN_ENUM_CONVERSION = YES;
				CLANG_WARN_INFINITE_RECURSION = YES;
				CLANG_WARN_INT_CONVERSION = YES;
				CLANG_WARN_NON_LITERAL_NULL_CONVERSION = YES;
				CLANG_WARN_OBJC_IMPLICIT_RETAIN_SELF = YES;
				CLANG_WARN_OBJC_LITERAL_CONVERSION = YES;
				CLANG_WARN_OBJC_ROOT_CLASS = YES_ERROR;
				CLANG_WARN_RANGE_LOOP_ANALYSIS = YES;
				CLANG_WARN_STRICT_PROTOTYPES = YES;
				CLANG_WARN_SUSPICIOUS_MOVE = YES;
				CLANG_WARN_UNGUARDED_AVAILABILITY = YES_AGGRESSIVE;
				CLANG_WARN_UNREACHABLE_CODE = YES;
				CLANG_WARN__DUPLICATE_METHOD_MATCH = YES;
				CODE_SIGN_IDENTITY = "iPhone Developer";
				COPY_PHASE_STRIP = NO;
				DEBUG_INFORMATION_FORMAT = dwarf;
				ENABLE_STRICT_OBJC_MSGSEND = YES;
				ENABLE_TESTABILITY = YES;
				GCC_C_LANGUAGE_STANDARD = gnu11;
				GCC_DYNAMIC_NO_PIC = NO;
				GCC_NO_COMMON_BLOCKS = YES;
				GCC_OPTIMIZATION_LEVEL = 0;
				GCC_PREPROCESSOR_DEFINITIONS = (
					"DEBUG=1",
					"$(inherited)",
				);
				GCC_WARN_64_TO_32_BIT_CONVERSION = YES;
				GCC_WARN_ABOUT_RETURN_TYPE = YES_ERROR;
				GCC_WARN_UNDECLARED_SELECTOR = YES;
				GCC_WARN_UNINITIALIZED_AUTOS = YES_AGGRESSIVE;
				GCC_WARN_UNUSED_FUNCTION = YES;
				GCC_WARN_UNUSED_VARIABLE = YES;
				IPHONEOS_DEPLOYMENT_TARGET = 12.2;
				MTL_ENABLE_DEBUG_INFO = INCLUDE_SOURCE;
				MTL_FAST_MATH = YES;
				ONLY_ACTIVE_ARCH = YES;
				SDKROOT = iphoneos;
				SWIFT_ACTIVE_COMPILATION_CONDITIONS = DEBUG;
				SWIFT_OPTIMIZATION_LEVEL = "-Onone";
			};
			name = Debug;
		};
		991C51A122EF90BF004F8EB7 /* Release */ = {
			isa = XCBuildConfiguration;
			buildSettings = {
				ALWAYS_SEARCH_USER_PATHS = NO;
				CLANG_ANALYZER_NONNULL = YES;
				CLANG_ANALYZER_NUMBER_OBJECT_CONVERSION = YES_AGGRESSIVE;
				CLANG_CXX_LANGUAGE_STANDARD = "gnu++14";
				CLANG_CXX_LIBRARY = "libc++";
				CLANG_ENABLE_MODULES = YES;
				CLANG_ENABLE_OBJC_ARC = YES;
				CLANG_ENABLE_OBJC_WEAK = YES;
				CLANG_WARN_BLOCK_CAPTURE_AUTORELEASING = YES;
				CLANG_WARN_BOOL_CONVERSION = YES;
				CLANG_WARN_COMMA = YES;
				CLANG_WARN_CONSTANT_CONVERSION = YES;
				CLANG_WARN_DEPRECATED_OBJC_IMPLEMENTATIONS = YES;
				CLANG_WARN_DIRECT_OBJC_ISA_USAGE = YES_ERROR;
				CLANG_WARN_DOCUMENTATION_COMMENTS = YES;
				CLANG_WARN_EMPTY_BODY = YES;
				CLANG_WARN_ENUM_CONVERSION = YES;
				CLANG_WARN_INFINITE_RECURSION = YES;
				CLANG_WARN_INT_CONVERSION = YES;
				CLANG_WARN_NON_LITERAL_NULL_CONVERSION = YES;
				CLANG_WARN_OBJC_IMPLICIT_RETAIN_SELF = YES;
				CLANG_WARN_OBJC_LITERAL_CONVERSION = YES;
				CLANG_WARN_OBJC_ROOT_CLASS = YES_ERROR;
				CLANG_WARN_RANGE_LOOP_ANALYSIS = YES;
				CLANG_WARN_STRICT_PROTOTYPES = YES;
				CLANG_WARN_SUSPICIOUS_MOVE = YES;
				CLANG_WARN_UNGUARDED_AVAILABILITY = YES_AGGRESSIVE;
				CLANG_WARN_UNREACHABLE_CODE = YES;
				CLANG_WARN__DUPLICATE_METHOD_MATCH = YES;
				CODE_SIGN_IDENTITY = "iPhone Developer";
				COPY_PHASE_STRIP = NO;
				DEBUG_INFORMATION_FORMAT = "dwarf-with-dsym";
				ENABLE_NS_ASSERTIONS = NO;
				ENABLE_STRICT_OBJC_MSGSEND = YES;
				GCC_C_LANGUAGE_STANDARD = gnu11;
				GCC_NO_COMMON_BLOCKS = YES;
				GCC_WARN_64_TO_32_BIT_CONVERSION = YES;
				GCC_WARN_ABOUT_RETURN_TYPE = YES_ERROR;
				GCC_WARN_UNDECLARED_SELECTOR = YES;
				GCC_WARN_UNINITIALIZED_AUTOS = YES_AGGRESSIVE;
				GCC_WARN_UNUSED_FUNCTION = YES;
				GCC_WARN_UNUSED_VARIABLE = YES;
				IPHONEOS_DEPLOYMENT_TARGET = 12.2;
				MTL_ENABLE_DEBUG_INFO = NO;
				MTL_FAST_MATH = YES;
				SDKROOT = iphoneos;
				SWIFT_COMPILATION_MODE = wholemodule;
				SWIFT_OPTIMIZATION_LEVEL = "-O";
				VALIDATE_PRODUCT = YES;
			};
			name = Release;
		};
		991C51A322EF90BF004F8EB7 /* Debug */ = {
			isa = XCBuildConfiguration;
			buildSettings = {
				ALWAYS_EMBED_SWIFT_STANDARD_LIBRARIES = YES;
				ASSETCATALOG_COMPILER_APPICON_NAME = AppIcon;
				CODE_SIGN_STYLE = Automatic;
				DEVELOPMENT_TEAM = GFB8W2S82Y;
				INFOPLIST_FILE = SegueProject/Info.plist;
				LD_RUNPATH_SEARCH_PATHS = (
					"$(inherited)",
					"@executable_path/Frameworks",
				);
				PRODUCT_BUNDLE_IDENTIFIER = com.Nuntium.SegueProject;
				PRODUCT_NAME = "$(TARGET_NAME)";
				SWIFT_VERSION = 5.0;
				TARGETED_DEVICE_FAMILY = "1,2";
			};
			name = Debug;
		};
		991C51A422EF90BF004F8EB7 /* Release */ = {
			isa = XCBuildConfiguration;
			buildSettings = {
				ALWAYS_EMBED_SWIFT_STANDARD_LIBRARIES = YES;
				ASSETCATALOG_COMPILER_APPICON_NAME = AppIcon;
				CODE_SIGN_STYLE = Automatic;
				DEVELOPMENT_TEAM = GFB8W2S82Y;
				INFOPLIST_FILE = SegueProject/Info.plist;
				LD_RUNPATH_SEARCH_PATHS = (
					"$(inherited)",
					"@executable_path/Frameworks",
				);
				PRODUCT_BUNDLE_IDENTIFIER = com.Nuntium.SegueProject;
				PRODUCT_NAME = "$(TARGET_NAME)";
				SWIFT_VERSION = 5.0;
				TARGETED_DEVICE_FAMILY = "1,2";
			};
			name = Release;
		};
		991C51B722EFEA7A004F8EB7 /* Debug */ = {
			isa = XCBuildConfiguration;
			buildSettings = {
				CODE_SIGN_STYLE = Automatic;
				DEVELOPMENT_TEAM = GFB8W2S82Y;
				INFOPLIST_FILE = KeyboardDoneButton/Info.plist;
				LD_RUNPATH_SEARCH_PATHS = (
					"$(inherited)",
					"@executable_path/Frameworks",
					"@executable_path/../../Frameworks",
				);
				PRODUCT_BUNDLE_IDENTIFIER = com.Nuntium.SegueProject.KeyboardDoneButton;
				PRODUCT_NAME = "$(TARGET_NAME)";
				SKIP_INSTALL = YES;
				SWIFT_VERSION = 5.0;
				TARGETED_DEVICE_FAMILY = "1,2";
			};
			name = Debug;
		};
		991C51B822EFEA7A004F8EB7 /* Release */ = {
			isa = XCBuildConfiguration;
			buildSettings = {
				CODE_SIGN_STYLE = Automatic;
				DEVELOPMENT_TEAM = GFB8W2S82Y;
				INFOPLIST_FILE = KeyboardDoneButton/Info.plist;
				LD_RUNPATH_SEARCH_PATHS = (
					"$(inherited)",
					"@executable_path/Frameworks",
					"@executable_path/../../Frameworks",
				);
				PRODUCT_BUNDLE_IDENTIFIER = com.Nuntium.SegueProject.KeyboardDoneButton;
				PRODUCT_NAME = "$(TARGET_NAME)";
				SKIP_INSTALL = YES;
				SWIFT_VERSION = 5.0;
				TARGETED_DEVICE_FAMILY = "1,2";
			};
			name = Release;
		};
/* End XCBuildConfiguration section */

/* Begin XCConfigurationList section */
		991C518B22EF90A5004F8EB7 /* Build configuration list for PBXProject "SegueProject" */ = {
			isa = XCConfigurationList;
			buildConfigurations = (
				991C51A022EF90BF004F8EB7 /* Debug */,
				991C51A122EF90BF004F8EB7 /* Release */,
			);
			defaultConfigurationIsVisible = 0;
			defaultConfigurationName = Release;
		};
		991C51A222EF90BF004F8EB7 /* Build configuration list for PBXNativeTarget "SegueProject" */ = {
			isa = XCConfigurationList;
			buildConfigurations = (
				991C51A322EF90BF004F8EB7 /* Debug */,
				991C51A422EF90BF004F8EB7 /* Release */,
			);
			defaultConfigurationIsVisible = 0;
			defaultConfigurationName = Release;
		};
		991C51B622EFEA7A004F8EB7 /* Build configuration list for PBXNativeTarget "KeyboardDoneButton" */ = {
			isa = XCConfigurationList;
			buildConfigurations = (
				991C51B722EFEA7A004F8EB7 /* Debug */,
				991C51B822EFEA7A004F8EB7 /* Release */,
			);
			defaultConfigurationIsVisible = 0;
			defaultConfigurationName = Release;
		};
/* End XCConfigurationList section */
	};
	rootObject = 991C518822EF90A5004F8EB7 /* Project object */;
}
